
Microsoft Visual Studio Solution File, Format Version 12.00
# Visual Studio Version 16
VisualStudioVersion = 16.0.30114.105
MinimumVisualStudioVersion = 10.0.40219.1
Project("{FAE04EC0-301F-11D3-BF4B-00C04F79EFBC}") = "common", "common\common.csproj", "{0BCA9CC6-C719-4B8F-998F-C61D90F887E3}"
EndProject
Project("{FAE04EC0-301F-11D3-BF4B-00C04F79EFBC}") = "api", "api\api.csproj", "{355D5CA8-19CD-4247-9994-64F1851F153F}"
EndProject
Global
	GlobalSection(SolutionConfigurationPlatforms) = preSolution
		Debug|Any CPU = Debug|Any CPU
		Debug|x64 = Debug|x64
		Debug|x86 = Debug|x86
		Release|Any CPU = Release|Any CPU
		Release|x64 = Release|x64
		Release|x86 = Release|x86
	EndGlobalSection
	GlobalSection(SolutionProperties) = preSolution
		HideSolutionNode = FALSE
	EndGlobalSection
	GlobalSection(ProjectConfigurationPlatforms) = postSolution
		{0BCA9CC6-C719-4B8F-998F-C61D90F887E3}.Debug|Any CPU.ActiveCfg = Debug|Any CPU
		{0BCA9CC6-C719-4B8F-998F-C61D90F887E3}.Debug|Any CPU.Build.0 = Debug|Any CPU
		{0BCA9CC6-C719-4B8F-998F-C61D90F887E3}.Debug|x64.ActiveCfg = Debug|Any CPU
		{0BCA9CC6-C719-4B8F-998F-C61D90F887E3}.Debug|x64.Build.0 = Debug|Any CPU
		{0BCA9CC6-C719-4B8F-998F-C61D90F887E3}.Debug|x86.ActiveCfg = Debug|Any CPU
		{0BCA9CC6-C719-4B8F-998F-C61D90F887E3}.Debug|x86.Build.0 = Debug|Any CPU
		{0BCA9CC6-C719-4B8F-998F-C61D90F887E3}.Release|Any CPU.ActiveCfg = Release|Any CPU
		{0BCA9CC6-C719-4B8F-998F-C61D90F887E3}.Release|Any CPU.Build.0 = Release|Any CPU
		{0BCA9CC6-C719-4B8F-998F-C61D90F887E3}.Release|x64.ActiveCfg = Release|Any CPU
		{0BCA9CC6-C719-4B8F-998F-C61D90F887E3}.Release|x64.Build.0 = Release|Any CPU
		{0BCA9CC6-C719-4B8F-998F-C61D90F887E3}.Release|x86.ActiveCfg = Release|Any CPU
		{0BCA9CC6-C719-4B8F-998F-C61D90F887E3}.Release|x86.Build.0 = Release|Any CPU
		{355D5CA8-19CD-4247-9994-64F1851F153F}.Debug|Any CPU.ActiveCfg = Debug|Any CPU
		{355D5CA8-19CD-4247-9994-64F1851F153F}.Debug|Any CPU.Build.0 = Debug|Any CPU
		{355D5CA8-19CD-4247-9994-64F1851F153F}.Debug|x64.ActiveCfg = Debug|Any CPU
		{355D5CA8-19CD-4247-9994-64F1851F153F}.Debug|x64.Build.0 = Debug|Any CPU
		{355D5CA8-19CD-4247-9994-64F1851F153F}.Debug|x86.ActiveCfg = Debug|Any CPU
		{355D5CA8-19CD-4247-9994-64F1851F153F}.Debug|x86.Build.0 = Debug|Any CPU
		{355D5CA8-19CD-4247-9994-64F1851F153F}.Release|Any CPU.ActiveCfg = Release|Any CPU
		{355D5CA8-19CD-4247-9994-64F1851F153F}.Release|Any CPU.Build.0 = Release|Any CPU
		{355D5CA8-19CD-4247-9994-64F1851F153F}.Release|x64.ActiveCfg = Release|Any CPU
		{355D5CA8-19CD-4247-9994-64F1851F153F}.Release|x64.Build.0 = Release|Any CPU
		{355D5CA8-19CD-4247-9994-64F1851F153F}.Release|x86.ActiveCfg = Release|Any CPU
		{355D5CA8-19CD-4247-9994-64F1851F153F}.Release|x86.Build.0 = Release|Any CPU
	EndGlobalSection
EndGlobal
